
Microsoft Visual Studio Solution File, Format Version 12.00
# Visual Studio Version 17
VisualStudioVersion = 17.13.35931.197 d17.13
MinimumVisualStudioVersion = 10.0.40219.1
Project("{FAE04EC0-301F-11D3-BF4B-00C04F79EFBC}") = "APIGateway", "APIGateway\APIGateway.csproj", "{B3FAF287-279D-473D-9BDC-51CCD96715C9}"
EndProject
Project("{2150E333-8FDC-42A3-9474-1A3956D46DE8}") = "Services", "Services", "{02EA681E-C7D8-13C7-8484-4AC65E1B71E8}"
EndProject
Project("{FAE04EC0-301F-11D3-BF4B-00C04F79EFBC}") = "Products", "services\Products\Products.csproj", "{8AB3AAC2-B3EA-45C1-A4F5-307FFF56D5D3}"
EndProject
Global
	GlobalSection(SolutionConfigurationPlatforms) = preSolution
		Debug|Any CPU = Debug|Any CPU
		Release|Any CPU = Release|Any CPU
	EndGlobalSection
	GlobalSection(ProjectConfigurationPlatforms) = postSolution
		{B3FAF287-279D-473D-9BDC-51CCD96715C9}.Debug|Any CPU.ActiveCfg = Debug|Any CPU
		{B3FAF287-279D-473D-9BDC-51CCD96715C9}.Debug|Any CPU.Build.0 = Debug|Any CPU
		{B3FAF287-279D-473D-9BDC-51CCD96715C9}.Release|Any CPU.ActiveCfg = Release|Any CPU
		{B3FAF287-279D-473D-9BDC-51CCD96715C9}.Release|Any CPU.Build.0 = Release|Any CPU
		{8AB3AAC2-B3EA-45C1-A4F5-307FFF56D5D3}.Debug|Any CPU.ActiveCfg = Debug|Any CPU
		{8AB3AAC2-B3EA-45C1-A4F5-307FFF56D5D3}.Debug|Any CPU.Build.0 = Debug|Any CPU
		{8AB3AAC2-B3EA-45C1-A4F5-307FFF56D5D3}.Release|Any CPU.ActiveCfg = Release|Any CPU
		{8AB3AAC2-B3EA-45C1-A4F5-307FFF56D5D3}.Release|Any CPU.Build.0 = Release|Any CPU
	EndGlobalSection
	GlobalSection(SolutionProperties) = preSolution
		HideSolutionNode = FALSE
	EndGlobalSection
	GlobalSection(NestedProjects) = preSolution
		{8AB3AAC2-B3EA-45C1-A4F5-307FFF56D5D3} = {02EA681E-C7D8-13C7-8484-4AC65E1B71E8}
	EndGlobalSection
	GlobalSection(ExtensibilityGlobals) = postSolution
		SolutionGuid = {6C060F0B-CD95-4778-8F33-B710B4A0E52D}
	EndGlobalSection
EndGlobal
